Microsoft Visual Studio Solution File, Format Version 12.00
# Visual Studio Version 17
VisualStudioVersion = 17.13.35825.156
MinimumVisualStudioVersion = 10.0.40219.1
Project("{FAE04EC0-301F-11D3-BF4B-00C04F79EFBC}") = "Exercise_1", "Exercise_1\Exercise_1.csproj", "{0EF78E7A-C6EA-48FD-99D4-3F002EF78964}"
EndProject
Project("{FAE04EC0-301F-11D3-BF4B-00C04F79EFBC}") = "Exercise_2", "Exercise_2\Exercise_2.csproj", "{7D6AECF7-0810-4ECB-BAF3-6BC9D0878A12}"
EndProject
Project("{FAE04EC0-301F-11D3-BF4B-00C04F79EFBC}") = "Exercise_3", "Exercise_3\Exercise_3.csproj", "{169F89AF-95D3-45BE-B64E-7CEB79407578}"
EndProject
Global
	GlobalSection(SolutionConfigurationPlatforms) = preSolution
		Debug|Any CPU = Debug|Any CPU
		Release|Any CPU = Release|Any CPU
	EndGlobalSection
	GlobalSection(ProjectConfigurationPlatforms) = postSolution
		{0EF78E7A-C6EA-48FD-99D4-3F002EF78964}.Debug|Any CPU.ActiveCfg = Debug|Any CPU
		{0EF78E7A-C6EA-48FD-99D4-3F002EF78964}.Debug|Any CPU.Build.0 = Debug|Any CPU
		{0EF78E7A-C6EA-48FD-99D4-3F002EF78964}.Release|Any CPU.ActiveCfg = Release|Any CPU
		{0EF78E7A-C6EA-48FD-99D4-3F002EF78964}.Release|Any CPU.Build.0 = Release|Any CPU
		{7D6AECF7-0810-4ECB-BAF3-6BC9D0878A12}.Debug|Any CPU.ActiveCfg = Debug|Any CPU
		{7D6AECF7-0810-4ECB-BAF3-6BC9D0878A12}.Debug|Any CPU.Build.0 = Debug|Any CPU
		{7D6AECF7-0810-4ECB-BAF3-6BC9D0878A12}.Release|Any CPU.ActiveCfg = Release|Any CPU
		{7D6AECF7-0810-4ECB-BAF3-6BC9D0878A12}.Release|Any CPU.Build.0 = Release|Any CPU
		{169F89AF-95D3-45BE-B64E-7CEB79407578}.Debug|Any CPU.ActiveCfg = Debug|Any CPU
		{169F89AF-95D3-45BE-B64E-7CEB79407578}.Debug|Any CPU.Build.0 = Debug|Any CPU
		{169F89AF-95D3-45BE-B64E-7CEB79407578}.Release|Any CPU.ActiveCfg = Release|Any CPU
		{169F89AF-95D3-45BE-B64E-7CEB79407578}.Release|Any CPU.Build.0 = Release|Any CPU
	EndGlobalSection
	GlobalSection(SolutionProperties) = preSolution
		HideSolutionNode = FALSE
	EndGlobalSection
	GlobalSection(ExtensibilityGlobals) = postSolution
		SolutionGuid = {E5B05B96-78E6-47C0-A81A-4CA041E8CFAF}
	EndGlobalSection
EndGlobal
